
Microsoft Visual Studio Solution File, Format Version 12.00
# Visual Studio Version 17
VisualStudioVersion = 17.0.31903.59
MinimumVisualStudioVersion = 10.0.40219.1
Project("{FAE04EC0-301F-11D3-BF4B-00C04F79EFBC}") = "SmootOperator", "SmoothOperator\SmootOperator.csproj", "{279B631D-D48E-4FCA-91D9-E1C51F338BEB}"
EndProject
Project("{FAE04EC0-301F-11D3-BF4B-00C04F79EFBC}") = "VariousOperators", "VariousOperators\VariousOperators.csproj", "{ACA9C14E-EAB4-4B92-A971-F10FB24D1F30}"
EndProject
Project("{FAE04EC0-301F-11D3-BF4B-00C04F79EFBC}") = "Cilindro", "Cilindro\Cilindro.csproj", "{13000E73-E40E-4175-8D36-C0C466945C96}"
EndProject
Project("{FAE04EC0-301F-11D3-BF4B-00C04F79EFBC}") = "ValoresEspeciais", "ValoresEspeciais\ValoresEspeciais.csproj", "{EF3646A3-B27B-42F1-A617-39C755C1FA0E}"
EndProject
Project("{FAE04EC0-301F-11D3-BF4B-00C04F79EFBC}") = "ChatGPTZero", "ChatGPTZero\ChatGPTZero.csproj", "{519A450E-9F56-47F5-8DC5-8D237B48DD10}"
EndProject
Project("{FAE04EC0-301F-11D3-BF4B-00C04F79EFBC}") = "BreakContinue", "BreakContinue\BreakContinue.csproj", "{087693D4-7F2B-4D04-8ADD-9C0E2731D5FB}"
EndProject
Global
	GlobalSection(SolutionConfigurationPlatforms) = preSolution
		Debug|Any CPU = Debug|Any CPU
		Release|Any CPU = Release|Any CPU
	EndGlobalSection
	GlobalSection(SolutionProperties) = preSolution
		HideSolutionNode = FALSE
	EndGlobalSection
	GlobalSection(ProjectConfigurationPlatforms) = postSolution
		{279B631D-D48E-4FCA-91D9-E1C51F338BEB}.Debug|Any CPU.ActiveCfg = Debug|Any CPU
		{279B631D-D48E-4FCA-91D9-E1C51F338BEB}.Debug|Any CPU.Build.0 = Debug|Any CPU
		{279B631D-D48E-4FCA-91D9-E1C51F338BEB}.Release|Any CPU.ActiveCfg = Release|Any CPU
		{279B631D-D48E-4FCA-91D9-E1C51F338BEB}.Release|Any CPU.Build.0 = Release|Any CPU
		{ACA9C14E-EAB4-4B92-A971-F10FB24D1F30}.Debug|Any CPU.ActiveCfg = Debug|Any CPU
		{ACA9C14E-EAB4-4B92-A971-F10FB24D1F30}.Debug|Any CPU.Build.0 = Debug|Any CPU
		{ACA9C14E-EAB4-4B92-A971-F10FB24D1F30}.Release|Any CPU.ActiveCfg = Release|Any CPU
		{ACA9C14E-EAB4-4B92-A971-F10FB24D1F30}.Release|Any CPU.Build.0 = Release|Any CPU
		{13000E73-E40E-4175-8D36-C0C466945C96}.Debug|Any CPU.ActiveCfg = Debug|Any CPU
		{13000E73-E40E-4175-8D36-C0C466945C96}.Debug|Any CPU.Build.0 = Debug|Any CPU
		{13000E73-E40E-4175-8D36-C0C466945C96}.Release|Any CPU.ActiveCfg = Release|Any CPU
		{13000E73-E40E-4175-8D36-C0C466945C96}.Release|Any CPU.Build.0 = Release|Any CPU
		{EF3646A3-B27B-42F1-A617-39C755C1FA0E}.Debug|Any CPU.ActiveCfg = Debug|Any CPU
		{EF3646A3-B27B-42F1-A617-39C755C1FA0E}.Debug|Any CPU.Build.0 = Debug|Any CPU
		{EF3646A3-B27B-42F1-A617-39C755C1FA0E}.Release|Any CPU.ActiveCfg = Release|Any CPU
		{EF3646A3-B27B-42F1-A617-39C755C1FA0E}.Release|Any CPU.Build.0 = Release|Any CPU
		{519A450E-9F56-47F5-8DC5-8D237B48DD10}.Debug|Any CPU.ActiveCfg = Debug|Any CPU
		{519A450E-9F56-47F5-8DC5-8D237B48DD10}.Debug|Any CPU.Build.0 = Debug|Any CPU
		{519A450E-9F56-47F5-8DC5-8D237B48DD10}.Release|Any CPU.ActiveCfg = Release|Any CPU
		{519A450E-9F56-47F5-8DC5-8D237B48DD10}.Release|Any CPU.Build.0 = Release|Any CPU
		{087693D4-7F2B-4D04-8ADD-9C0E2731D5FB}.Debug|Any CPU.ActiveCfg = Debug|Any CPU
		{087693D4-7F2B-4D04-8ADD-9C0E2731D5FB}.Debug|Any CPU.Build.0 = Debug|Any CPU
		{087693D4-7F2B-4D04-8ADD-9C0E2731D5FB}.Release|Any CPU.ActiveCfg = Release|Any CPU
		{087693D4-7F2B-4D04-8ADD-9C0E2731D5FB}.Release|Any CPU.Build.0 = Release|Any CPU
	EndGlobalSection
EndGlobal
